// !$*UTF8*$!
{
	archiveVersion = 1;
	classes = {
	};
	objectVersion = 56;
	objects = {

/* Begin PBXBuildFile section */
		295B87982A0035D60016DFFA /* AddContactsViewModel.swift in Sources */ = {isa = PBXBuildFile; fileRef = 295B87972A0035D60016DFFA /* AddContactsViewModel.swift */; };
		295B879B2A0036AD0016DFFA /* AddContactsTableViewCell.swift in Sources */ = {isa = PBXBuildFile; fileRef = 295B879A2A0036AD0016DFFA /* AddContactsTableViewCell.swift */; };
		295B879D2A003ACE0016DFFA /* ModalHomeViewModel.swift in Sources */ = {isa = PBXBuildFile; fileRef = 295B879C2A003ACE0016DFFA /* ModalHomeViewModel.swift */; };
		29E5A53A29F81B23008D8834 /* AppDelegate.swift in Sources */ = {isa = PBXBuildFile; fileRef = 29E5A53929F81B23008D8834 /* AppDelegate.swift */; };
		29E5A53C29F81B23008D8834 /* SceneDelegate.swift in Sources */ = {isa = PBXBuildFile; fileRef = 29E5A53B29F81B23008D8834 /* SceneDelegate.swift */; };
		29E5A53E29F81B23008D8834 /* MapHomeViewController.swift in Sources */ = {isa = PBXBuildFile; fileRef = 29E5A53D29F81B23008D8834 /* MapHomeViewController.swift */; };
		29E5A54129F81B23008D8834 /* Main.storyboard in Resources */ = {isa = PBXBuildFile; fileRef = 29E5A53F29F81B23008D8834 /* Main.storyboard */; };
		29E5A54329F81B24008D8834 /* Assets.xcassets in Resources */ = {isa = PBXBuildFile; fileRef = 29E5A54229F81B24008D8834 /* Assets.xcassets */; };
		29E5A54629F81B24008D8834 /* LaunchScreen.storyboard in Resources */ = {isa = PBXBuildFile; fileRef = 29E5A54429F81B24008D8834 /* LaunchScreen.storyboard */; };
		29E6A0C929FADE0C00D109B1 /* Session.swift in Sources */ = {isa = PBXBuildFile; fileRef = 29E6A0C629FADE0C00D109B1 /* Session.swift */; };
		29E6A0CA29FADE0C00D109B1 /* Member.swift in Sources */ = {isa = PBXBuildFile; fileRef = 29E6A0C729FADE0C00D109B1 /* Member.swift */; };
		29E6A0CB29FADE0C00D109B1 /* MSDestination.swift in Sources */ = {isa = PBXBuildFile; fileRef = 29E6A0C829FADE0C00D109B1 /* MSDestination.swift */; };
		29E6A0CE29FADE2000D109B1 /* Constants.swift in Sources */ = {isa = PBXBuildFile; fileRef = 29E6A0CD29FADE2000D109B1 /* Constants.swift */; };
		29E6A0D429FADEF700D109B1 /* ModalHomeViewController.swift in Sources */ = {isa = PBXBuildFile; fileRef = 29E6A0D329FADEF700D109B1 /* ModalHomeViewController.swift */; };
		29E6A0D629FAE0CD00D109B1 /* ModalHome.storyboard in Resources */ = {isa = PBXBuildFile; fileRef = 29E6A0D529FAE0CD00D109B1 /* ModalHome.storyboard */; };
		29E6A0D929FB106A00D109B1 /* AddContactsViewController.swift in Sources */ = {isa = PBXBuildFile; fileRef = 29E6A0D829FB106A00D109B1 /* AddContactsViewController.swift */; };
		29F859A82A0187BF00A53792 /* GoogleService-Info.plist in Resources */ = {isa = PBXBuildFile; fileRef = 29F859A72A0187BF00A53792 /* GoogleService-Info.plist */; };
		29F859AB2A01884200A53792 /* FirebaseFirestore in Frameworks */ = {isa = PBXBuildFile; productRef = 29F859AA2A01884200A53792 /* FirebaseFirestore */; };
		29F859AD2A018A7500A53792 /* FirebaseService.swift in Sources */ = {isa = PBXBuildFile; fileRef = 29F859AC2A018A7500A53792 /* FirebaseService.swift */; };
/* End PBXBuildFile section */

/* Begin PBXFileReference section */
		295B87972A0035D60016DFFA /* AddContactsViewModel.swift */ = {isa = PBXFileReference; lastKnownFileType = sourcecode.swift; path = AddContactsViewModel.swift; sourceTree = "<group>"; };
		295B879A2A0036AD0016DFFA /* AddContactsTableViewCell.swift */ = {isa = PBXFileReference; lastKnownFileType = sourcecode.swift; path = AddContactsTableViewCell.swift; sourceTree = "<group>"; };
		295B879C2A003ACE0016DFFA /* ModalHomeViewModel.swift */ = {isa = PBXFileReference; lastKnownFileType = sourcecode.swift; path = ModalHomeViewModel.swift; sourceTree = "<group>"; };
		29E5A53629F81B23008D8834 /* MapShare.app */ = {isa = PBXFileReference; explicitFileType = wrapper.application; includeInIndex = 0; path = MapShare.app; sourceTree = BUILT_PRODUCTS_DIR; };
		29E5A53929F81B23008D8834 /* AppDelegate.swift */ = {isa = PBXFileReference; lastKnownFileType = sourcecode.swift; path = AppDelegate.swift; sourceTree = "<group>"; };
		29E5A53B29F81B23008D8834 /* SceneDelegate.swift */ = {isa = PBXFileReference; lastKnownFileType = sourcecode.swift; path = SceneDelegate.swift; sourceTree = "<group>"; };
		29E5A53D29F81B23008D8834 /* MapHomeViewController.swift */ = {isa = PBXFileReference; lastKnownFileType = sourcecode.swift; path = MapHomeViewController.swift; sourceTree = "<group>"; };
		29E5A54029F81B23008D8834 /* Base */ = {isa = PBXFileReference; lastKnownFileType = file.storyboard; name = Base; path = Base.lproj/Main.storyboard; sourceTree = "<group>"; };
		29E5A54229F81B24008D8834 /* Assets.xcassets */ = {isa = PBXFileReference; lastKnownFileType = folder.assetcatalog; path = Assets.xcassets; sourceTree = "<group>"; };
		29E5A54529F81B24008D8834 /* Base */ = {isa = PBXFileReference; lastKnownFileType = file.storyboard; name = Base; path = Base.lproj/LaunchScreen.storyboard; sourceTree = "<group>"; };
		29E5A54729F81B24008D8834 /* Info.plist */ = {isa = PBXFileReference; lastKnownFileType = text.plist.xml; path = Info.plist; sourceTree = "<group>"; };
		29E6A0C629FADE0C00D109B1 /* Session.swift */ = {isa = PBXFileReference; fileEncoding = 4; lastKnownFileType = sourcecode.swift; path = Session.swift; sourceTree = "<group>"; };
		29E6A0C729FADE0C00D109B1 /* Member.swift */ = {isa = PBXFileReference; fileEncoding = 4; lastKnownFileType = sourcecode.swift; path = Member.swift; sourceTree = "<group>"; };
		29E6A0C829FADE0C00D109B1 /* MSDestination.swift */ = {isa = PBXFileReference; fileEncoding = 4; lastKnownFileType = sourcecode.swift; path = MSDestination.swift; sourceTree = "<group>"; };
		29E6A0CD29FADE2000D109B1 /* Constants.swift */ = {isa = PBXFileReference; fileEncoding = 4; lastKnownFileType = sourcecode.swift; path = Constants.swift; sourceTree = "<group>"; };
		29E6A0D329FADEF700D109B1 /* ModalHomeViewController.swift */ = {isa = PBXFileReference; lastKnownFileType = sourcecode.swift; path = ModalHomeViewController.swift; sourceTree = "<group>"; };
		29E6A0D529FAE0CD00D109B1 /* ModalHome.storyboard */ = {isa = PBXFileReference; fileEncoding = 4; lastKnownFileType = file.storyboard; path = ModalHome.storyboard; sourceTree = "<group>"; };
		29E6A0D829FB106A00D109B1 /* AddContactsViewController.swift */ = {isa = PBXFileReference; lastKnownFileType = sourcecode.swift; path = AddContactsViewController.swift; sourceTree = "<group>"; };
		29F859A72A0187BF00A53792 /* GoogleService-Info.plist */ = {isa = PBXFileReference; fileEncoding = 4; lastKnownFileType = text.plist.xml; path = "GoogleService-Info.plist"; sourceTree = "<group>"; };
		29F859AC2A018A7500A53792 /* FirebaseService.swift */ = {isa = PBXFileReference; lastKnownFileType = sourcecode.swift; path = FirebaseService.swift; sourceTree = "<group>"; };
/* End PBXFileReference section */

/* Begin PBXFrameworksBuildPhase section */
		29E5A53329F81B23008D8834 /* Frameworks */ = {
			isa = PBXFrameworksBuildPhase;
			buildActionMask = 2147483647;
			files = (
				29F859AB2A01884200A53792 /* FirebaseFirestore in Frameworks */,
			);
			runOnlyForDeploymentPostprocessing = 0;
		};
/* End PBXFrameworksBuildPhase section */

/* Begin PBXGroup section */
		295B87992A00367D0016DFFA /* Custom Views */ = {
			isa = PBXGroup;
			children = (
				295B879A2A0036AD0016DFFA /* AddContactsTableViewCell.swift */,
			);
			path = "Custom Views";
			sourceTree = "<group>";
		};
		29E5A52D29F81B23008D8834 = {
			isa = PBXGroup;
			children = (
				29E5A53829F81B23008D8834 /* MapShare */,
				29E5A53729F81B23008D8834 /* Products */,
			);
			sourceTree = "<group>";
		};
		29E5A53729F81B23008D8834 /* Products */ = {
			isa = PBXGroup;
			children = (
				29E5A53629F81B23008D8834 /* MapShare.app */,
			);
			name = Products;
			sourceTree = "<group>";
		};
		29E5A53829F81B23008D8834 /* MapShare */ = {
			isa = PBXGroup;
			children = (
				29F859A72A0187BF00A53792 /* GoogleService-Info.plist */,
				29E6A0C529FADE0C00D109B1 /* Models */,
				29E6A0CC29FADE2000D109B1 /* Helper Files */,
				29E6A0D029FADE4100D109B1 /* UI */,
				29E6A0CF29FADE3700D109B1 /* Storyboards */,
				29E5A54D29F81B3A008D8834 /* Supporting Files */,
			);
			path = MapShare;
			sourceTree = "<group>";
		};
		29E5A54D29F81B3A008D8834 /* Supporting Files */ = {
			isa = PBXGroup;
			children = (
				29E5A53929F81B23008D8834 /* AppDelegate.swift */,
				29E5A53B29F81B23008D8834 /* SceneDelegate.swift */,
				29E5A54229F81B24008D8834 /* Assets.xcassets */,
				29E5A54429F81B24008D8834 /* LaunchScreen.storyboard */,
				29E5A54729F81B24008D8834 /* Info.plist */,
			);
			path = "Supporting Files";
			sourceTree = "<group>";
		};
		29E6A0C529FADE0C00D109B1 /* Models */ = {
			isa = PBXGroup;
			children = (
				29E6A0C629FADE0C00D109B1 /* Session.swift */,
				29E6A0C729FADE0C00D109B1 /* Member.swift */,
				29E6A0C829FADE0C00D109B1 /* MSDestination.swift */,
			);
			path = Models;
			sourceTree = "<group>";
		};
		29E6A0CC29FADE2000D109B1 /* Helper Files */ = {
			isa = PBXGroup;
			children = (
				29E6A0CD29FADE2000D109B1 /* Constants.swift */,
				29F859AC2A018A7500A53792 /* FirebaseService.swift */,
			);
			path = "Helper Files";
			sourceTree = "<group>";
		};
		29E6A0CF29FADE3700D109B1 /* Storyboards */ = {
			isa = PBXGroup;
			children = (
				29E5A53F29F81B23008D8834 /* Main.storyboard */,
				29E6A0D529FAE0CD00D109B1 /* ModalHome.storyboard */,
			);
			path = Storyboards;
			sourceTree = "<group>";
		};
		29E6A0D029FADE4100D109B1 /* UI */ = {
			isa = PBXGroup;
			children = (
				29E6A0D129FADECF00D109B1 /* Map Home */,
				29E6A0D229FADED800D109B1 /* Modal Home View */,
				29E6A0D729FB104900D109B1 /* Add Contacts View */,
			);
			path = UI;
			sourceTree = "<group>";
		};
		29E6A0D129FADECF00D109B1 /* Map Home */ = {
			isa = PBXGroup;
			children = (
				29E5A53D29F81B23008D8834 /* MapHomeViewController.swift */,
			);
			path = "Map Home";
			sourceTree = "<group>";
		};
		29E6A0D229FADED800D109B1 /* Modal Home View */ = {
			isa = PBXGroup;
			children = (
				29E6A0D329FADEF700D109B1 /* ModalHomeViewController.swift */,
				295B879C2A003ACE0016DFFA /* ModalHomeViewModel.swift */,
			);
			path = "Modal Home View";
			sourceTree = "<group>";
		};
		29E6A0D729FB104900D109B1 /* Add Contacts View */ = {
			isa = PBXGroup;
			children = (
				29E6A0D829FB106A00D109B1 /* AddContactsViewController.swift */,
				295B87972A0035D60016DFFA /* AddContactsViewModel.swift */,
				295B87992A00367D0016DFFA /* Custom Views */,
			);
			path = "Add Contacts View";
			sourceTree = "<group>";
		};
/* End PBXGroup section */

/* Begin PBXNativeTarget section */
		29E5A53529F81B23008D8834 /* MapShare */ = {
			isa = PBXNativeTarget;
			buildConfigurationList = 29E5A54A29F81B24008D8834 /* Build configuration list for PBXNativeTarget "MapShare" */;
			buildPhases = (
				29E5A53229F81B23008D8834 /* Sources */,
				29E5A53329F81B23008D8834 /* Frameworks */,
				29E5A53429F81B23008D8834 /* Resources */,
			);
			buildRules = (
			);
			dependencies = (
			);
			name = MapShare;
			packageProductDependencies = (
				29F859AA2A01884200A53792 /* FirebaseFirestore */,
			);
			productName = MapShare;
			productReference = 29E5A53629F81B23008D8834 /* MapShare.app */;
			productType = "com.apple.product-type.application";
		};
/* End PBXNativeTarget section */

/* Begin PBXProject section */
		29E5A52E29F81B23008D8834 /* Project object */ = {
			isa = PBXProject;
			attributes = {
				BuildIndependentTargetsInParallel = 1;
				LastSwiftUpdateCheck = 1430;
				LastUpgradeCheck = 1430;
				TargetAttributes = {
					29E5A53529F81B23008D8834 = {
						CreatedOnToolsVersion = 14.3;
					};
				};
			};
			buildConfigurationList = 29E5A53129F81B23008D8834 /* Build configuration list for PBXProject "MapShare" */;
			compatibilityVersion = "Xcode 14.0";
			developmentRegion = en;
			hasScannedForEncodings = 0;
			knownRegions = (
				en,
				Base,
			);
			mainGroup = 29E5A52D29F81B23008D8834;
			packageReferences = (
				29F859A92A01884200A53792 /* XCRemoteSwiftPackageReference "firebase-ios-sdk" */,
			);
			productRefGroup = 29E5A53729F81B23008D8834 /* Products */;
			projectDirPath = "";
			projectRoot = "";
			targets = (
				29E5A53529F81B23008D8834 /* MapShare */,
			);
		};
/* End PBXProject section */

/* Begin PBXResourcesBuildPhase section */
		29E5A53429F81B23008D8834 /* Resources */ = {
			isa = PBXResourcesBuildPhase;
			buildActionMask = 2147483647;
			files = (
				29E5A54629F81B24008D8834 /* LaunchScreen.storyboard in Resources */,
				29E6A0D629FAE0CD00D109B1 /* ModalHome.storyboard in Resources */,
				29F859A82A0187BF00A53792 /* GoogleService-Info.plist in Resources */,
				29E5A54329F81B24008D8834 /* Assets.xcassets in Resources */,
				29E5A54129F81B23008D8834 /* Main.storyboard in Resources */,
			);
			runOnlyForDeploymentPostprocessing = 0;
		};
/* End PBXResourcesBuildPhase section */

/* Begin PBXSourcesBuildPhase section */
		29E5A53229F81B23008D8834 /* Sources */ = {
			isa = PBXSourcesBuildPhase;
			buildActionMask = 2147483647;
			files = (
				295B879B2A0036AD0016DFFA /* AddContactsTableViewCell.swift in Sources */,
				29E6A0D929FB106A00D109B1 /* AddContactsViewController.swift in Sources */,
				295B87982A0035D60016DFFA /* AddContactsViewModel.swift in Sources */,
				29E6A0C929FADE0C00D109B1 /* Session.swift in Sources */,
				29E5A53E29F81B23008D8834 /* MapHomeViewController.swift in Sources */,
				29E5A53A29F81B23008D8834 /* AppDelegate.swift in Sources */,
				29E5A53C29F81B23008D8834 /* SceneDelegate.swift in Sources */,
				29F859AD2A018A7500A53792 /* FirebaseService.swift in Sources */,
				29E6A0CE29FADE2000D109B1 /* Constants.swift in Sources */,
				29E6A0D429FADEF700D109B1 /* ModalHomeViewController.swift in Sources */,
				295B879D2A003ACE0016DFFA /* ModalHomeViewModel.swift in Sources */,
				29E6A0CB29FADE0C00D109B1 /* MSDestination.swift in Sources */,
				29E6A0CA29FADE0C00D109B1 /* Member.swift in Sources */,
			);
			runOnlyForDeploymentPostprocessing = 0;
		};
/* End PBXSourcesBuildPhase section */

/* Begin PBXVariantGroup section */
		29E5A53F29F81B23008D8834 /* Main.storyboard */ = {
			isa = PBXVariantGroup;
			children = (
				29E5A54029F81B23008D8834 /* Base */,
			);
			name = Main.storyboard;
			sourceTree = "<group>";
		};
		29E5A54429F81B24008D8834 /* LaunchScreen.storyboard */ = {
			isa = PBXVariantGroup;
			children = (
				29E5A54529F81B24008D8834 /* Base */,
			);
			name = LaunchScreen.storyboard;
			sourceTree = "<group>";
		};
/* End PBXVariantGroup section */

/* Begin XCBuildConfiguration section */
		29E5A54829F81B24008D8834 /* Debug */ = {
			isa = XCBuildConfiguration;
			buildSettings = {
				ALWAYS_SEARCH_USER_PATHS = NO;
				CLANG_ANALYZER_NONNULL = YES;
				CLANG_ANALYZER_NUMBER_OBJECT_CONVERSION = YES_AGGRESSIVE;
				CLANG_CXX_LANGUAGE_STANDARD = "gnu++20";
				CLANG_ENABLE_MODULES = YES;
				CLANG_ENABLE_OBJC_ARC = YES;
				CLANG_ENABLE_OBJC_WEAK = YES;
				CLANG_WARN_BLOCK_CAPTURE_AUTORELEASING = YES;
				CLANG_WARN_BOOL_CONVERSION = YES;
				CLANG_WARN_COMMA = YES;
				CLANG_WARN_CONSTANT_CONVERSION = YES;
				CLANG_WARN_DEPRECATED_OBJC_IMPLEMENTATIONS = YES;
				CLANG_WARN_DIRECT_OBJC_ISA_USAGE = YES_ERROR;
				CLANG_WARN_DOCUMENTATION_COMMENTS = YES;
				CLANG_WARN_EMPTY_BODY = YES;
				CLANG_WARN_ENUM_CONVERSION = YES;
				CLANG_WARN_INFINITE_RECURSION = YES;
				CLANG_WARN_INT_CONVERSION = YES;
				CLANG_WARN_NON_LITERAL_NULL_CONVERSION = YES;
				CLANG_WARN_OBJC_IMPLICIT_RETAIN_SELF = YES;
				CLANG_WARN_OBJC_LITERAL_CONVERSION = YES;
				CLANG_WARN_OBJC_ROOT_CLASS = YES_ERROR;
				CLANG_WARN_QUOTED_INCLUDE_IN_FRAMEWORK_HEADER = YES;
				CLANG_WARN_RANGE_LOOP_ANALYSIS = YES;
				CLANG_WARN_STRICT_PROTOTYPES = YES;
				CLANG_WARN_SUSPICIOUS_MOVE = YES;
				CLANG_WARN_UNGUARDED_AVAILABILITY = YES_AGGRESSIVE;
				CLANG_WARN_UNREACHABLE_CODE = YES;
				CLANG_WARN__DUPLICATE_METHOD_MATCH = YES;
				COPY_PHASE_STRIP = NO;
				DEBUG_INFORMATION_FORMAT = dwarf;
				ENABLE_STRICT_OBJC_MSGSEND = YES;
				ENABLE_TESTABILITY = YES;
				GCC_C_LANGUAGE_STANDARD = gnu11;
				GCC_DYNAMIC_NO_PIC = NO;
				GCC_NO_COMMON_BLOCKS = YES;
				GCC_OPTIMIZATION_LEVEL = 0;
				GCC_PREPROCESSOR_DEFINITIONS = (
					"DEBUG=1",
					"$(inherited)",
				);
				GCC_WARN_64_TO_32_BIT_CONVERSION = YES;
				GCC_WARN_ABOUT_RETURN_TYPE = YES_ERROR;
				GCC_WARN_UNDECLARED_SELECTOR = YES;
				GCC_WARN_UNINITIALIZED_AUTOS = YES_AGGRESSIVE;
				GCC_WARN_UNUSED_FUNCTION = YES;
				GCC_WARN_UNUSED_VARIABLE = YES;
				IPHONEOS_DEPLOYMENT_TARGET = 16.4;
				MTL_ENABLE_DEBUG_INFO = INCLUDE_SOURCE;
				MTL_FAST_MATH = YES;
				ONLY_ACTIVE_ARCH = YES;
				SDKROOT = iphoneos;
				SWIFT_ACTIVE_COMPILATION_CONDITIONS = DEBUG;
				SWIFT_OPTIMIZATION_LEVEL = "-Onone";
			};
			name = Debug;
		};
		29E5A54929F81B24008D8834 /* Release */ = {
			isa = XCBuildConfiguration;
			buildSettings = {
				ALWAYS_SEARCH_USER_PATHS = NO;
				CLANG_ANALYZER_NONNULL = YES;
				CLANG_ANALYZER_NUMBER_OBJECT_CONVERSION = YES_AGGRESSIVE;
				CLANG_CXX_LANGUAGE_STANDARD = "gnu++20";
				CLANG_ENABLE_MODULES = YES;
				CLANG_ENABLE_OBJC_ARC = YES;
				CLANG_ENABLE_OBJC_WEAK = YES;
				CLANG_WARN_BLOCK_CAPTURE_AUTORELEASING = YES;
				CLANG_WARN_BOOL_CONVERSION = YES;
				CLANG_WARN_COMMA = YES;
				CLANG_WARN_CONSTANT_CONVERSION = YES;
				CLANG_WARN_DEPRECATED_OBJC_IMPLEMENTATIONS = YES;
				CLANG_WARN_DIRECT_OBJC_ISA_USAGE = YES_ERROR;
				CLANG_WARN_DOCUMENTATION_COMMENTS = YES;
				CLANG_WARN_EMPTY_BODY = YES;
				CLANG_WARN_ENUM_CONVERSION = YES;
				CLANG_WARN_INFINITE_RECURSION = YES;
				CLANG_WARN_INT_CONVERSION = YES;
				CLANG_WARN_NON_LITERAL_NULL_CONVERSION = YES;
				CLANG_WARN_OBJC_IMPLICIT_RETAIN_SELF = YES;
				CLANG_WARN_OBJC_LITERAL_CONVERSION = YES;
				CLANG_WARN_OBJC_ROOT_CLASS = YES_ERROR;
				CLANG_WARN_QUOTED_INCLUDE_IN_FRAMEWORK_HEADER = YES;
				CLANG_WARN_RANGE_LOOP_ANALYSIS = YES;
				CLANG_WARN_STRICT_PROTOTYPES = YES;
				CLANG_WARN_SUSPICIOUS_MOVE = YES;
				CLANG_WARN_UNGUARDED_AVAILABILITY = YES_AGGRESSIVE;
				CLANG_WARN_UNREACHABLE_CODE = YES;
				CLANG_WARN__DUPLICATE_METHOD_MATCH = YES;
				COPY_PHASE_STRIP = NO;
				DEBUG_INFORMATION_FORMAT = "dwarf-with-dsym";
				ENABLE_NS_ASSERTIONS = NO;
				ENABLE_STRICT_OBJC_MSGSEND = YES;
				GCC_C_LANGUAGE_STANDARD = gnu11;
				GCC_NO_COMMON_BLOCKS = YES;
				GCC_WARN_64_TO_32_BIT_CONVERSION = YES;
				GCC_WARN_ABOUT_RETURN_TYPE = YES_ERROR;
				GCC_WARN_UNDECLARED_SELECTOR = YES;
				GCC_WARN_UNINITIALIZED_AUTOS = YES_AGGRESSIVE;
				GCC_WARN_UNUSED_FUNCTION = YES;
				GCC_WARN_UNUSED_VARIABLE = YES;
				IPHONEOS_DEPLOYMENT_TARGET = 16.4;
				MTL_ENABLE_DEBUG_INFO = NO;
				MTL_FAST_MATH = YES;
				SDKROOT = iphoneos;
				SWIFT_COMPILATION_MODE = wholemodule;
				SWIFT_OPTIMIZATION_LEVEL = "-O";
				VALIDATE_PRODUCT = YES;
			};
			name = Release;
		};
		29E5A54B29F81B24008D8834 /* Debug */ = {
			isa = XCBuildConfiguration;
			buildSettings = {
				ASSETCATALOG_COMPILER_APPICON_NAME = AppIcon;
				ASSETCATALOG_COMPILER_GLOBAL_ACCENT_COLOR_NAME = AccentColor;
				CODE_SIGN_STYLE = Automatic;
				CURRENT_PROJECT_VERSION = 1;
				DEVELOPMENT_TEAM = W6HRJ6R6XG;
				GENERATE_INFOPLIST_FILE = YES;
				INFOPLIST_FILE = "MapShare/Supporting Files/Info.plist";
				INFOPLIST_KEY_UIApplicationSupportsIndirectInputEvents = YES;
				INFOPLIST_KEY_UILaunchStoryboardName = LaunchScreen;
				INFOPLIST_KEY_UIMainStoryboardFile = Main;
				INFOPLIST_KEY_UISupportedInterfaceOrientations_iPad = "UIInterfaceOrientationPortrait UIInterfaceOrientationPortraitUpsideDown UIInterfaceOrientationLandscapeLeft UIInterfaceOrientationLandscapeRight";
				INFOPLIST_KEY_UISupportedInterfaceOrientations_iPhone = "UIInterfaceOrientationPortrait UIInterfaceOrientationLandscapeLeft UIInterfaceOrientationLandscapeRight";
				LD_RUNPATH_SEARCH_PATHS = (
					"$(inherited)",
					"@executable_path/Frameworks",
				);
				MARKETING_VERSION = 1.0;
				PRODUCT_BUNDLE_IDENTIFIER = com.Studio314.MapShare;
				PRODUCT_NAME = "$(TARGET_NAME)";
				SWIFT_EMIT_LOC_STRINGS = YES;
				SWIFT_VERSION = 5.0;
				TARGETED_DEVICE_FAMILY = "1,2";
			};
			name = Debug;
		};
		29E5A54C29F81B24008D8834 /* Release */ = {
			isa = XCBuildConfiguration;
			buildSettings = {
				ASSETCATALOG_COMPILER_APPICON_NAME = AppIcon;
				ASSETCATALOG_COMPILER_GLOBAL_ACCENT_COLOR_NAME = AccentColor;
				CODE_SIGN_STYLE = Automatic;
				CURRENT_PROJECT_VERSION = 1;
				DEVELOPMENT_TEAM = W6HRJ6R6XG;
				GENERATE_INFOPLIST_FILE = YES;
				INFOPLIST_FILE = "MapShare/Supporting Files/Info.plist";
				INFOPLIST_KEY_UIApplicationSupportsIndirectInputEvents = YES;
				INFOPLIST_KEY_UILaunchStoryboardName = LaunchScreen;
				INFOPLIST_KEY_UIMainStoryboardFile = Main;
				INFOPLIST_KEY_UISupportedInterfaceOrientations_iPad = "UIInterfaceOrientationPortrait UIInterfaceOrientationPortraitUpsideDown UIInterfaceOrientationLandscapeLeft UIInterfaceOrientationLandscapeRight";
				INFOPLIST_KEY_UISupportedInterfaceOrientations_iPhone = "UIInterfaceOrientationPortrait UIInterfaceOrientationLandscapeLeft UIInterfaceOrientationLandscapeRight";
				LD_RUNPATH_SEARCH_PATHS = (
					"$(inherited)",
					"@executable_path/Frameworks",
				);
				MARKETING_VERSION = 1.0;
				PRODUCT_BUNDLE_IDENTIFIER = com.Studio314.MapShare;
				PRODUCT_NAME = "$(TARGET_NAME)";
				SWIFT_EMIT_LOC_STRINGS = YES;
				SWIFT_VERSION = 5.0;
				TARGETED_DEVICE_FAMILY = "1,2";
			};
			name = Release;
		};
/* End XCBuildConfiguration section */

/* Begin XCConfigurationList section */
		29E5A53129F81B23008D8834 /* Build configuration list for PBXProject "MapShare" */ = {
			isa = XCConfigurationList;
			buildConfigurations = (
				29E5A54829F81B24008D8834 /* Debug */,
				29E5A54929F81B24008D8834 /* Release */,
			);
			defaultConfigurationIsVisible = 0;
			defaultConfigurationName = Release;
		};
		29E5A54A29F81B24008D8834 /* Build configuration list for PBXNativeTarget "MapShare" */ = {
			isa = XCConfigurationList;
			buildConfigurations = (
				29E5A54B29F81B24008D8834 /* Debug */,
				29E5A54C29F81B24008D8834 /* Release */,
			);
			defaultConfigurationIsVisible = 0;
			defaultConfigurationName = Release;
		};
/* End XCConfigurationList section */

/* Begin XCRemoteSwiftPackageReference section */
		29F859A92A01884200A53792 /* XCRemoteSwiftPackageReference "firebase-ios-sdk" */ = {
			isa = XCRemoteSwiftPackageReference;
			repositoryURL = "https://github.com/firebase/firebase-ios-sdk";
			requirement = {
				kind = upToNextMajorVersion;
				minimumVersion = 10.0.0;
			};
		};
/* End XCRemoteSwiftPackageReference section */

/* Begin XCSwiftPackageProductDependency section */
		29F859AA2A01884200A53792 /* FirebaseFirestore */ = {
			isa = XCSwiftPackageProductDependency;
			package = 29F859A92A01884200A53792 /* XCRemoteSwiftPackageReference "firebase-ios-sdk" */;
			productName = FirebaseFirestore;
		};
/* End XCSwiftPackageProductDependency section */
	};
	rootObject = 29E5A52E29F81B23008D8834 /* Project object */;
}
