// !$*UTF8*$!
{
	archiveVersion = 1;
	classes = {
	};
	objectVersion = 56;
	objects = {

/* Begin PBXBuildFile section */
		29345F972A9524B200B9F386 /* Ably in Frameworks */ = {isa = PBXBuildFile; productRef = 29345F962A9524B200B9F386 /* Ably */; };
		295079312A0309A00059D774 /* ActiveSessionViewController.swift in Sources */ = {isa = PBXBuildFile; fileRef = 295079302A0309A00059D774 /* ActiveSessionViewController.swift */; };
		295079332A030A5D0059D774 /* ActiveSession.storyboard in Resources */ = {isa = PBXBuildFile; fileRef = 295079322A030A5D0059D774 /* ActiveSession.storyboard */; };
		295079352A0316740059D774 /* ActiveSessionViewModel.swift in Sources */ = {isa = PBXBuildFile; fileRef = 295079342A0316740059D774 /* ActiveSessionViewModel.swift */; };
		295079382A03179A0059D774 /* ActiveSessionTableViewCell.swift in Sources */ = {isa = PBXBuildFile; fileRef = 295079372A03179A0059D774 /* ActiveSessionTableViewCell.swift */; };
		295B879D2A003ACE0016DFFA /* NewSessionViewModel.swift in Sources */ = {isa = PBXBuildFile; fileRef = 295B879C2A003ACE0016DFFA /* NewSessionViewModel.swift */; };
		297626AF2A09788C00F7BCC4 /* JoinSession.storyboard in Resources */ = {isa = PBXBuildFile; fileRef = 297626AE2A09788C00F7BCC4 /* JoinSession.storyboard */; };
		297626B12A0978A300F7BCC4 /* JoinSessionViewController.swift in Sources */ = {isa = PBXBuildFile; fileRef = 297626B02A0978A300F7BCC4 /* JoinSessionViewController.swift */; };
		297626B32A0978BA00F7BCC4 /* JoinSessionViewModel.swift in Sources */ = {isa = PBXBuildFile; fileRef = 297626B22A0978BA00F7BCC4 /* JoinSessionViewModel.swift */; };
		29883D932A056F6700DB2D96 /* Detents.swift in Sources */ = {isa = PBXBuildFile; fileRef = 29883D922A056F6700DB2D96 /* Detents.swift */; };
		29912B632A0BDFDF00EA9995 /* UIElements.swift in Sources */ = {isa = PBXBuildFile; fileRef = 29912B622A0BDFDF00EA9995 /* UIElements.swift */; };
		29AE20FD2A266C2900D9AB2C /* FirebaseMessaging in Frameworks */ = {isa = PBXBuildFile; productRef = 29AE20FC2A266C2900D9AB2C /* FirebaseMessaging */; };
		29AE21152A26931900D9AB2C /* LocationPushService.swift in Sources */ = {isa = PBXBuildFile; fileRef = 29AE21142A26931900D9AB2C /* LocationPushService.swift */; };
		29AE21192A26931900D9AB2C /* LocationPush.appex in Embed Foundation Extensions */ = {isa = PBXBuildFile; fileRef = 29AE21122A26931900D9AB2C /* LocationPush.appex */; settings = {ATTRIBUTES = (RemoveHeadersOnCopy, ); }; };
		29E5A53A29F81B23008D8834 /* AppDelegate.swift in Sources */ = {isa = PBXBuildFile; fileRef = 29E5A53929F81B23008D8834 /* AppDelegate.swift */; };
		29E5A53C29F81B23008D8834 /* SceneDelegate.swift in Sources */ = {isa = PBXBuildFile; fileRef = 29E5A53B29F81B23008D8834 /* SceneDelegate.swift */; };
		29E5A53E29F81B23008D8834 /* MapHomeViewController.swift in Sources */ = {isa = PBXBuildFile; fileRef = 29E5A53D29F81B23008D8834 /* MapHomeViewController.swift */; };
		29E5A54329F81B24008D8834 /* Assets.xcassets in Resources */ = {isa = PBXBuildFile; fileRef = 29E5A54229F81B24008D8834 /* Assets.xcassets */; };
		29E5A54629F81B24008D8834 /* LaunchScreen.storyboard in Resources */ = {isa = PBXBuildFile; fileRef = 29E5A54429F81B24008D8834 /* LaunchScreen.storyboard */; };
		29E6A0C929FADE0C00D109B1 /* Session.swift in Sources */ = {isa = PBXBuildFile; fileRef = 29E6A0C629FADE0C00D109B1 /* Session.swift */; };
		29E6A0CA29FADE0C00D109B1 /* Member.swift in Sources */ = {isa = PBXBuildFile; fileRef = 29E6A0C729FADE0C00D109B1 /* Member.swift */; };
		29E6A0CE29FADE2000D109B1 /* Constants.swift in Sources */ = {isa = PBXBuildFile; fileRef = 29E6A0CD29FADE2000D109B1 /* Constants.swift */; };
		29E6A0D429FADEF700D109B1 /* NewSessionViewController.swift in Sources */ = {isa = PBXBuildFile; fileRef = 29E6A0D329FADEF700D109B1 /* NewSessionViewController.swift */; };
		29E6A0D629FAE0CD00D109B1 /* NewSession.storyboard in Resources */ = {isa = PBXBuildFile; fileRef = 29E6A0D529FAE0CD00D109B1 /* NewSession.storyboard */; };
		29EA12782A241A78007EDE03 /* Double+Ext.swift in Sources */ = {isa = PBXBuildFile; fileRef = 29EA12772A241A78007EDE03 /* Double+Ext.swift */; };
		29EB7FDA2A03DFC600F2242F /* MapHome.storyboard in Resources */ = {isa = PBXBuildFile; fileRef = 29EB7FD82A03DFC600F2242F /* MapHome.storyboard */; };
		29EB7FDE2A04078500F2242F /* String+Ext.swift in Sources */ = {isa = PBXBuildFile; fileRef = 29EB7FDD2A04078500F2242F /* String+Ext.swift */; };
		29EC20F82A0AC1CB0085743A /* WaitingRoomTableViewCell.swift in Sources */ = {isa = PBXBuildFile; fileRef = 29EC20F72A0AC1CB0085743A /* WaitingRoomTableViewCell.swift */; };
		29F859A82A0187BF00A53792 /* GoogleService-Info.plist in Resources */ = {isa = PBXBuildFile; fileRef = 29F859A72A0187BF00A53792 /* GoogleService-Info.plist */; };
		29F859AB2A01884200A53792 /* FirebaseFirestore in Frameworks */ = {isa = PBXBuildFile; productRef = 29F859AA2A01884200A53792 /* FirebaseFirestore */; };
		29F859AD2A018A7500A53792 /* FirebaseService.swift in Sources */ = {isa = PBXBuildFile; fileRef = 29F859AC2A018A7500A53792 /* FirebaseService.swift */; };
		AF72D7F42A12AE030080C9AD /* UIColor+Ext.swift in Sources */ = {isa = PBXBuildFile; fileRef = AF72D7F32A12AE030080C9AD /* UIColor+Ext.swift */; };
		AF72D7F62A1407980080C9AD /* PopUpButton.swift in Sources */ = {isa = PBXBuildFile; fileRef = AF72D7F52A1407980080C9AD /* PopUpButton.swift */; };
		AF72D7F82A14113A0080C9AD /* MapHomeViewModel.swift in Sources */ = {isa = PBXBuildFile; fileRef = AF72D7F72A14113A0080C9AD /* MapHomeViewModel.swift */; };
		AF86025E2A02F7A800A6519D /* Route.swift in Sources */ = {isa = PBXBuildFile; fileRef = AF86025D2A02F7A800A6519D /* Route.swift */; };
/* End PBXBuildFile section */

/* Begin PBXContainerItemProxy section */
		29AE21172A26931900D9AB2C /* PBXContainerItemProxy */ = {
			isa = PBXContainerItemProxy;
			containerPortal = 29E5A52E29F81B23008D8834 /* Project object */;
			proxyType = 1;
			remoteGlobalIDString = 29AE21112A26931900D9AB2C;
			remoteInfo = LocationPush;
		};
/* End PBXContainerItemProxy section */

/* Begin PBXCopyFilesBuildPhase section */
		29AE210D2A26745600D9AB2C /* Embed Foundation Extensions */ = {
			isa = PBXCopyFilesBuildPhase;
			buildActionMask = 8;
			dstPath = "";
			dstSubfolderSpec = 13;
			files = (
				29AE21192A26931900D9AB2C /* LocationPush.appex in Embed Foundation Extensions */,
			);
			name = "Embed Foundation Extensions";
			runOnlyForDeploymentPostprocessing = 1;
		};
/* End PBXCopyFilesBuildPhase section */

/* Begin PBXFileReference section */
		295079302A0309A00059D774 /* ActiveSessionViewController.swift */ = {isa = PBXFileReference; lastKnownFileType = sourcecode.swift; path = ActiveSessionViewController.swift; sourceTree = "<group>"; };
		295079322A030A5D0059D774 /* ActiveSession.storyboard */ = {isa = PBXFileReference; lastKnownFileType = file.storyboard; path = ActiveSession.storyboard; sourceTree = "<group>"; };
		295079342A0316740059D774 /* ActiveSessionViewModel.swift */ = {isa = PBXFileReference; lastKnownFileType = sourcecode.swift; path = ActiveSessionViewModel.swift; sourceTree = "<group>"; };
		295079372A03179A0059D774 /* ActiveSessionTableViewCell.swift */ = {isa = PBXFileReference; lastKnownFileType = sourcecode.swift; path = ActiveSessionTableViewCell.swift; sourceTree = "<group>"; };
		295B879C2A003ACE0016DFFA /* NewSessionViewModel.swift */ = {isa = PBXFileReference; lastKnownFileType = sourcecode.swift; path = NewSessionViewModel.swift; sourceTree = "<group>"; };
		297626AE2A09788C00F7BCC4 /* JoinSession.storyboard */ = {isa = PBXFileReference; lastKnownFileType = file.storyboard; path = JoinSession.storyboard; sourceTree = "<group>"; };
		297626B02A0978A300F7BCC4 /* JoinSessionViewController.swift */ = {isa = PBXFileReference; lastKnownFileType = sourcecode.swift; path = JoinSessionViewController.swift; sourceTree = "<group>"; };
		297626B22A0978BA00F7BCC4 /* JoinSessionViewModel.swift */ = {isa = PBXFileReference; lastKnownFileType = sourcecode.swift; path = JoinSessionViewModel.swift; sourceTree = "<group>"; };
		29883D922A056F6700DB2D96 /* Detents.swift */ = {isa = PBXFileReference; lastKnownFileType = sourcecode.swift; path = Detents.swift; sourceTree = "<group>"; };
		29912B622A0BDFDF00EA9995 /* UIElements.swift */ = {isa = PBXFileReference; lastKnownFileType = sourcecode.swift; path = UIElements.swift; sourceTree = "<group>"; };
		29AE20FA2A2646AF00D9AB2C /* MapShare.entitlements */ = {isa = PBXFileReference; lastKnownFileType = text.plist.entitlements; path = MapShare.entitlements; sourceTree = "<group>"; };
		29AE21122A26931900D9AB2C /* LocationPush.appex */ = {isa = PBXFileReference; explicitFileType = "wrapper.app-extension"; includeInIndex = 0; path = LocationPush.appex; sourceTree = BUILT_PRODUCTS_DIR; };
		29AE21142A26931900D9AB2C /* LocationPushService.swift */ = {isa = PBXFileReference; lastKnownFileType = sourcecode.swift; path = LocationPushService.swift; sourceTree = "<group>"; };
		29AE21162A26931900D9AB2C /* Info.plist */ = {isa = PBXFileReference; lastKnownFileType = text.plist.xml; path = Info.plist; sourceTree = "<group>"; };
		29E5A53629F81B23008D8834 /* MapShare.app */ = {isa = PBXFileReference; explicitFileType = wrapper.application; includeInIndex = 0; path = MapShare.app; sourceTree = BUILT_PRODUCTS_DIR; };
		29E5A53929F81B23008D8834 /* AppDelegate.swift */ = {isa = PBXFileReference; lastKnownFileType = sourcecode.swift; path = AppDelegate.swift; sourceTree = "<group>"; };
		29E5A53B29F81B23008D8834 /* SceneDelegate.swift */ = {isa = PBXFileReference; lastKnownFileType = sourcecode.swift; path = SceneDelegate.swift; sourceTree = "<group>"; };
		29E5A53D29F81B23008D8834 /* MapHomeViewController.swift */ = {isa = PBXFileReference; lastKnownFileType = sourcecode.swift; path = MapHomeViewController.swift; sourceTree = "<group>"; };
		29E5A54229F81B24008D8834 /* Assets.xcassets */ = {isa = PBXFileReference; lastKnownFileType = folder.assetcatalog; path = Assets.xcassets; sourceTree = "<group>"; };
		29E5A54529F81B24008D8834 /* Base */ = {isa = PBXFileReference; lastKnownFileType = file.storyboard; name = Base; path = Base.lproj/LaunchScreen.storyboard; sourceTree = "<group>"; };
		29E5A54729F81B24008D8834 /* Info.plist */ = {isa = PBXFileReference; lastKnownFileType = text.plist.xml; path = Info.plist; sourceTree = "<group>"; };
		29E6A0C629FADE0C00D109B1 /* Session.swift */ = {isa = PBXFileReference; fileEncoding = 4; lastKnownFileType = sourcecode.swift; path = Session.swift; sourceTree = "<group>"; };
		29E6A0C729FADE0C00D109B1 /* Member.swift */ = {isa = PBXFileReference; fileEncoding = 4; lastKnownFileType = sourcecode.swift; path = Member.swift; sourceTree = "<group>"; };
		29E6A0CD29FADE2000D109B1 /* Constants.swift */ = {isa = PBXFileReference; fileEncoding = 4; lastKnownFileType = sourcecode.swift; path = Constants.swift; sourceTree = "<group>"; };
		29E6A0D329FADEF700D109B1 /* NewSessionViewController.swift */ = {isa = PBXFileReference; lastKnownFileType = sourcecode.swift; path = NewSessionViewController.swift; sourceTree = "<group>"; };
		29E6A0D529FAE0CD00D109B1 /* NewSession.storyboard */ = {isa = PBXFileReference; fileEncoding = 4; lastKnownFileType = file.storyboard; path = NewSession.storyboard; sourceTree = "<group>"; };
		29EA12772A241A78007EDE03 /* Double+Ext.swift */ = {isa = PBXFileReference; lastKnownFileType = sourcecode.swift; path = "Double+Ext.swift"; sourceTree = "<group>"; };
		29EB7FD92A03DFC600F2242F /* Base */ = {isa = PBXFileReference; lastKnownFileType = file.storyboard; name = Base; path = MapShare/Storyboards/Base.lproj/MapHome.storyboard; sourceTree = "<group>"; };
		29EB7FDD2A04078500F2242F /* String+Ext.swift */ = {isa = PBXFileReference; lastKnownFileType = sourcecode.swift; path = "String+Ext.swift"; sourceTree = "<group>"; };
		29EC20F72A0AC1CB0085743A /* WaitingRoomTableViewCell.swift */ = {isa = PBXFileReference; lastKnownFileType = sourcecode.swift; path = WaitingRoomTableViewCell.swift; sourceTree = "<group>"; };
		29F859A72A0187BF00A53792 /* GoogleService-Info.plist */ = {isa = PBXFileReference; fileEncoding = 4; lastKnownFileType = text.plist.xml; path = "GoogleService-Info.plist"; sourceTree = "<group>"; };
		29F859AC2A018A7500A53792 /* FirebaseService.swift */ = {isa = PBXFileReference; lastKnownFileType = sourcecode.swift; path = FirebaseService.swift; sourceTree = "<group>"; };
		AF72D7F32A12AE030080C9AD /* UIColor+Ext.swift */ = {isa = PBXFileReference; lastKnownFileType = sourcecode.swift; path = "UIColor+Ext.swift"; sourceTree = "<group>"; };
		AF72D7F52A1407980080C9AD /* PopUpButton.swift */ = {isa = PBXFileReference; lastKnownFileType = sourcecode.swift; path = PopUpButton.swift; sourceTree = "<group>"; };
		AF72D7F72A14113A0080C9AD /* MapHomeViewModel.swift */ = {isa = PBXFileReference; lastKnownFileType = sourcecode.swift; path = MapHomeViewModel.swift; sourceTree = "<group>"; };
		AF86025D2A02F7A800A6519D /* Route.swift */ = {isa = PBXFileReference; lastKnownFileType = sourcecode.swift; path = Route.swift; sourceTree = "<group>"; };
/* End PBXFileReference section */

/* Begin PBXFrameworksBuildPhase section */
		29AE210F2A26931900D9AB2C /* Frameworks */ = {
			isa = PBXFrameworksBuildPhase;
			buildActionMask = 2147483647;
			files = (
			);
			runOnlyForDeploymentPostprocessing = 0;
		};
		29E5A53329F81B23008D8834 /* Frameworks */ = {
			isa = PBXFrameworksBuildPhase;
			buildActionMask = 2147483647;
			files = (
				29AE20FD2A266C2900D9AB2C /* FirebaseMessaging in Frameworks */,
				29F859AB2A01884200A53792 /* FirebaseFirestore in Frameworks */,
				29345F972A9524B200B9F386 /* Ably in Frameworks */,
			);
			runOnlyForDeploymentPostprocessing = 0;
		};
/* End PBXFrameworksBuildPhase section */

/* Begin PBXGroup section */
		2950792F2A0308FF0059D774 /* Active Session View */ = {
			isa = PBXGroup;
			children = (
				295079322A030A5D0059D774 /* ActiveSession.storyboard */,
				295079302A0309A00059D774 /* ActiveSessionViewController.swift */,
				295079342A0316740059D774 /* ActiveSessionViewModel.swift */,
				295079362A03177B0059D774 /* Custom Views */,
			);
			path = "Active Session View";
			sourceTree = "<group>";
		};
		295079362A03177B0059D774 /* Custom Views */ = {
			isa = PBXGroup;
			children = (
				295079372A03179A0059D774 /* ActiveSessionTableViewCell.swift */,
				29EC20F72A0AC1CB0085743A /* WaitingRoomTableViewCell.swift */,
			);
			path = "Custom Views";
			sourceTree = "<group>";
		};
		297626AD2A09786C00F7BCC4 /* Join Session View */ = {
			isa = PBXGroup;
			children = (
				297626AE2A09788C00F7BCC4 /* JoinSession.storyboard */,
				297626B02A0978A300F7BCC4 /* JoinSessionViewController.swift */,
				297626B22A0978BA00F7BCC4 /* JoinSessionViewModel.swift */,
			);
			path = "Join Session View";
			sourceTree = "<group>";
		};
		29AE20FB2A266C2900D9AB2C /* Frameworks */ = {
			isa = PBXGroup;
			children = (
			);
			name = Frameworks;
			sourceTree = "<group>";
		};
		29AE21132A26931900D9AB2C /* LocationPush */ = {
			isa = PBXGroup;
			children = (
				29AE21142A26931900D9AB2C /* LocationPushService.swift */,
				29AE21162A26931900D9AB2C /* Info.plist */,
			);
			path = LocationPush;
			sourceTree = "<group>";
		};
		29E5A52D29F81B23008D8834 = {
			isa = PBXGroup;
			children = (
				29E5A53829F81B23008D8834 /* MapShare */,
				29AE21132A26931900D9AB2C /* LocationPush */,
				29E5A53729F81B23008D8834 /* Products */,
				29AE20FB2A266C2900D9AB2C /* Frameworks */,
			);
			sourceTree = "<group>";
		};
		29E5A53729F81B23008D8834 /* Products */ = {
			isa = PBXGroup;
			children = (
				29E5A53629F81B23008D8834 /* MapShare.app */,
				29AE21122A26931900D9AB2C /* LocationPush.appex */,
			);
			name = Products;
			sourceTree = "<group>";
		};
		29E5A53829F81B23008D8834 /* MapShare */ = {
			isa = PBXGroup;
			children = (
				29AE20FA2A2646AF00D9AB2C /* MapShare.entitlements */,
				29F859A72A0187BF00A53792 /* GoogleService-Info.plist */,
				29EB7FDC2A04076A00F2242F /* Extensions */,
				29E6A0C529FADE0C00D109B1 /* Models */,
				29E6A0CC29FADE2000D109B1 /* Helper Files */,
				29E6A0D029FADE4100D109B1 /* UI */,
				29E5A54D29F81B3A008D8834 /* Supporting Files */,
			);
			path = MapShare;
			sourceTree = "<group>";
		};
		29E5A54D29F81B3A008D8834 /* Supporting Files */ = {
			isa = PBXGroup;
			children = (
				29E5A53929F81B23008D8834 /* AppDelegate.swift */,
				29E5A53B29F81B23008D8834 /* SceneDelegate.swift */,
				29E5A54229F81B24008D8834 /* Assets.xcassets */,
				29E5A54429F81B24008D8834 /* LaunchScreen.storyboard */,
				29E5A54729F81B24008D8834 /* Info.plist */,
			);
			path = "Supporting Files";
			sourceTree = "<group>";
		};
		29E6A0C529FADE0C00D109B1 /* Models */ = {
			isa = PBXGroup;
			children = (
				29E6A0C629FADE0C00D109B1 /* Session.swift */,
				29E6A0C729FADE0C00D109B1 /* Member.swift */,
				AF86025D2A02F7A800A6519D /* Route.swift */,
			);
			path = Models;
			sourceTree = "<group>";
		};
		29E6A0CC29FADE2000D109B1 /* Helper Files */ = {
			isa = PBXGroup;
			children = (
				29E6A0CD29FADE2000D109B1 /* Constants.swift */,
				29F859AC2A018A7500A53792 /* FirebaseService.swift */,
				29883D922A056F6700DB2D96 /* Detents.swift */,
				29912B622A0BDFDF00EA9995 /* UIElements.swift */,
				AF72D7F52A1407980080C9AD /* PopUpButton.swift */,
			);
			path = "Helper Files";
			sourceTree = "<group>";
		};
		29E6A0D029FADE4100D109B1 /* UI */ = {
			isa = PBXGroup;
			children = (
				29E6A0D129FADECF00D109B1 /* Map Home */,
				29E6A0D229FADED800D109B1 /* New Session View */,
				297626AD2A09786C00F7BCC4 /* Join Session View */,
				2950792F2A0308FF0059D774 /* Active Session View */,
			);
			path = UI;
			sourceTree = "<group>";
		};
		29E6A0D129FADECF00D109B1 /* Map Home */ = {
			isa = PBXGroup;
			children = (
				29EB7FD82A03DFC600F2242F /* MapHome.storyboard */,
				29E5A53D29F81B23008D8834 /* MapHomeViewController.swift */,
				AF72D7F72A14113A0080C9AD /* MapHomeViewModel.swift */,
			);
			path = "Map Home";
			sourceTree = "<group>";
		};
		29E6A0D229FADED800D109B1 /* New Session View */ = {
			isa = PBXGroup;
			children = (
				29E6A0D529FAE0CD00D109B1 /* NewSession.storyboard */,
				29E6A0D329FADEF700D109B1 /* NewSessionViewController.swift */,
				295B879C2A003ACE0016DFFA /* NewSessionViewModel.swift */,
			);
			path = "New Session View";
			sourceTree = "<group>";
		};
		29EB7FDC2A04076A00F2242F /* Extensions */ = {
			isa = PBXGroup;
			children = (
				29EB7FDD2A04078500F2242F /* String+Ext.swift */,
				AF72D7F32A12AE030080C9AD /* UIColor+Ext.swift */,
				29EA12772A241A78007EDE03 /* Double+Ext.swift */,
			);
			path = Extensions;
			sourceTree = "<group>";
		};
/* End PBXGroup section */

/* Begin PBXNativeTarget section */
		29AE21112A26931900D9AB2C /* LocationPush */ = {
			isa = PBXNativeTarget;
			buildConfigurationList = 29AE211A2A26931900D9AB2C /* Build configuration list for PBXNativeTarget "LocationPush" */;
			buildPhases = (
				29AE210E2A26931900D9AB2C /* Sources */,
				29AE210F2A26931900D9AB2C /* Frameworks */,
				29AE21102A26931900D9AB2C /* Resources */,
			);
			buildRules = (
			);
			dependencies = (
			);
			name = LocationPush;
			productName = LocationPush;
			productReference = 29AE21122A26931900D9AB2C /* LocationPush.appex */;
			productType = "com.apple.product-type.app-extension";
		};
		29E5A53529F81B23008D8834 /* MapShare */ = {
			isa = PBXNativeTarget;
			buildConfigurationList = 29E5A54A29F81B24008D8834 /* Build configuration list for PBXNativeTarget "MapShare" */;
			buildPhases = (
				29E5A53229F81B23008D8834 /* Sources */,
				29E5A53329F81B23008D8834 /* Frameworks */,
				29E5A53429F81B23008D8834 /* Resources */,
				29AE210D2A26745600D9AB2C /* Embed Foundation Extensions */,
			);
			buildRules = (
			);
			dependencies = (
				29AE21182A26931900D9AB2C /* PBXTargetDependency */,
			);
			name = MapShare;
			packageProductDependencies = (
				29F859AA2A01884200A53792 /* FirebaseFirestore */,
				29AE20FC2A266C2900D9AB2C /* FirebaseMessaging */,
				29345F962A9524B200B9F386 /* Ably */,
			);
			productName = MapShare;
			productReference = 29E5A53629F81B23008D8834 /* MapShare.app */;
			productType = "com.apple.product-type.application";
		};
/* End PBXNativeTarget section */

/* Begin PBXProject section */
		29E5A52E29F81B23008D8834 /* Project object */ = {
			isa = PBXProject;
			attributes = {
				BuildIndependentTargetsInParallel = 1;
				LastSwiftUpdateCheck = 1430;
				LastUpgradeCheck = 1430;
				TargetAttributes = {
					29AE21112A26931900D9AB2C = {
						CreatedOnToolsVersion = 14.3;
					};
					29E5A53529F81B23008D8834 = {
						CreatedOnToolsVersion = 14.3;
					};
				};
			};
			buildConfigurationList = 29E5A53129F81B23008D8834 /* Build configuration list for PBXProject "MapShare" */;
			compatibilityVersion = "Xcode 14.0";
			developmentRegion = en;
			hasScannedForEncodings = 0;
			knownRegions = (
				en,
				Base,
			);
			mainGroup = 29E5A52D29F81B23008D8834;
			packageReferences = (
				29F859A92A01884200A53792 /* XCRemoteSwiftPackageReference "firebase-ios-sdk" */,
				29345F952A9524B200B9F386 /* XCRemoteSwiftPackageReference "ably-cocoa" */,
			);
			productRefGroup = 29E5A53729F81B23008D8834 /* Products */;
			projectDirPath = "";
			projectRoot = "";
			targets = (
				29E5A53529F81B23008D8834 /* MapShare */,
				29AE21112A26931900D9AB2C /* LocationPush */,
			);
		};
/* End PBXProject section */

/* Begin PBXResourcesBuildPhase section */
		29AE21102A26931900D9AB2C /* Resources */ = {
			isa = PBXResourcesBuildPhase;
			buildActionMask = 2147483647;
			files = (
			);
			runOnlyForDeploymentPostprocessing = 0;
		};
		29E5A53429F81B23008D8834 /* Resources */ = {
			isa = PBXResourcesBuildPhase;
			buildActionMask = 2147483647;
			files = (
				29E5A54629F81B24008D8834 /* LaunchScreen.storyboard in Resources */,
				297626AF2A09788C00F7BCC4 /* JoinSession.storyboard in Resources */,
				295079332A030A5D0059D774 /* ActiveSession.storyboard in Resources */,
				29E6A0D629FAE0CD00D109B1 /* NewSession.storyboard in Resources */,
				29EB7FDA2A03DFC600F2242F /* MapHome.storyboard in Resources */,
				29F859A82A0187BF00A53792 /* GoogleService-Info.plist in Resources */,
				29E5A54329F81B24008D8834 /* Assets.xcassets in Resources */,
			);
			runOnlyForDeploymentPostprocessing = 0;
		};
/* End PBXResourcesBuildPhase section */

/* Begin PBXSourcesBuildPhase section */
		29AE210E2A26931900D9AB2C /* Sources */ = {
			isa = PBXSourcesBuildPhase;
			buildActionMask = 2147483647;
			files = (
				29AE21152A26931900D9AB2C /* LocationPushService.swift in Sources */,
			);
			runOnlyForDeploymentPostprocessing = 0;
		};
		29E5A53229F81B23008D8834 /* Sources */ = {
			isa = PBXSourcesBuildPhase;
			buildActionMask = 2147483647;
			files = (
				AF86025E2A02F7A800A6519D /* Route.swift in Sources */,
				29E6A0C929FADE0C00D109B1 /* Session.swift in Sources */,
				29EA12782A241A78007EDE03 /* Double+Ext.swift in Sources */,
				295079352A0316740059D774 /* ActiveSessionViewModel.swift in Sources */,
				29E5A53E29F81B23008D8834 /* MapHomeViewController.swift in Sources */,
				AF72D7F82A14113A0080C9AD /* MapHomeViewModel.swift in Sources */,
				29EB7FDE2A04078500F2242F /* String+Ext.swift in Sources */,
				29E5A53A29F81B23008D8834 /* AppDelegate.swift in Sources */,
				AF72D7F62A1407980080C9AD /* PopUpButton.swift in Sources */,
				295079382A03179A0059D774 /* ActiveSessionTableViewCell.swift in Sources */,
				29E5A53C29F81B23008D8834 /* SceneDelegate.swift in Sources */,
				29F859AD2A018A7500A53792 /* FirebaseService.swift in Sources */,
				295079312A0309A00059D774 /* ActiveSessionViewController.swift in Sources */,
				29E6A0CE29FADE2000D109B1 /* Constants.swift in Sources */,
				297626B12A0978A300F7BCC4 /* JoinSessionViewController.swift in Sources */,
				29E6A0D429FADEF700D109B1 /* NewSessionViewController.swift in Sources */,
				295B879D2A003ACE0016DFFA /* NewSessionViewModel.swift in Sources */,
				29EC20F82A0AC1CB0085743A /* WaitingRoomTableViewCell.swift in Sources */,
				AF72D7F42A12AE030080C9AD /* UIColor+Ext.swift in Sources */,
				29912B632A0BDFDF00EA9995 /* UIElements.swift in Sources */,
				297626B32A0978BA00F7BCC4 /* JoinSessionViewModel.swift in Sources */,
				29E6A0CA29FADE0C00D109B1 /* Member.swift in Sources */,
				29883D932A056F6700DB2D96 /* Detents.swift in Sources */,
			);
			runOnlyForDeploymentPostprocessing = 0;
		};
/* End PBXSourcesBuildPhase section */

/* Begin PBXTargetDependency section */
		29AE21182A26931900D9AB2C /* PBXTargetDependency */ = {
			isa = PBXTargetDependency;
			target = 29AE21112A26931900D9AB2C /* LocationPush */;
			targetProxy = 29AE21172A26931900D9AB2C /* PBXContainerItemProxy */;
		};
/* End PBXTargetDependency section */

/* Begin PBXVariantGroup section */
		29E5A54429F81B24008D8834 /* LaunchScreen.storyboard */ = {
			isa = PBXVariantGroup;
			children = (
				29E5A54529F81B24008D8834 /* Base */,
			);
			name = LaunchScreen.storyboard;
			sourceTree = "<group>";
		};
		29EB7FD82A03DFC600F2242F /* MapHome.storyboard */ = {
			isa = PBXVariantGroup;
			children = (
				29EB7FD92A03DFC600F2242F /* Base */,
			);
			name = MapHome.storyboard;
			sourceTree = "<group>";
		};
/* End PBXVariantGroup section */

/* Begin XCBuildConfiguration section */
		29AE211B2A26931900D9AB2C /* Debug */ = {
			isa = XCBuildConfiguration;
			buildSettings = {
				CODE_SIGN_IDENTITY = "Apple Development";
				CODE_SIGN_STYLE = Automatic;
				CURRENT_PROJECT_VERSION = 1;
				DEVELOPMENT_TEAM = W6HRJ6R6XG;
				GENERATE_INFOPLIST_FILE = YES;
				INFOPLIST_FILE = LocationPush/Info.plist;
				INFOPLIST_KEY_CFBundleDisplayName = LocationPush;
				INFOPLIST_KEY_NSHumanReadableCopyright = "";
				LD_RUNPATH_SEARCH_PATHS = (
					"$(inherited)",
					"@executable_path/Frameworks",
					"@executable_path/../../Frameworks",
				);
				MARKETING_VERSION = 1.0;
				PRODUCT_BUNDLE_IDENTIFIER = com.Studio314.MapShare.LocationPush;
				PRODUCT_NAME = "$(TARGET_NAME)";
				SKIP_INSTALL = YES;
				SWIFT_EMIT_LOC_STRINGS = YES;
				SWIFT_VERSION = 5.0;
				TARGETED_DEVICE_FAMILY = 1;
			};
			name = Debug;
		};
		29AE211C2A26931900D9AB2C /* Release */ = {
			isa = XCBuildConfiguration;
			buildSettings = {
				CODE_SIGN_IDENTITY = "Apple Development";
				CODE_SIGN_STYLE = Automatic;
				CURRENT_PROJECT_VERSION = 1;
				DEVELOPMENT_TEAM = W6HRJ6R6XG;
				GENERATE_INFOPLIST_FILE = YES;
				INFOPLIST_FILE = LocationPush/Info.plist;
				INFOPLIST_KEY_CFBundleDisplayName = LocationPush;
				INFOPLIST_KEY_NSHumanReadableCopyright = "";
				LD_RUNPATH_SEARCH_PATHS = (
					"$(inherited)",
					"@executable_path/Frameworks",
					"@executable_path/../../Frameworks",
				);
				MARKETING_VERSION = 1.0;
				PRODUCT_BUNDLE_IDENTIFIER = com.Studio314.MapShare.LocationPush;
				PRODUCT_NAME = "$(TARGET_NAME)";
				SKIP_INSTALL = YES;
				SWIFT_EMIT_LOC_STRINGS = YES;
				SWIFT_VERSION = 5.0;
				TARGETED_DEVICE_FAMILY = 1;
			};
			name = Release;
		};
		29E5A54829F81B24008D8834 /* Debug */ = {
			isa = XCBuildConfiguration;
			buildSettings = {
				ALWAYS_SEARCH_USER_PATHS = NO;
				CLANG_ANALYZER_NONNULL = YES;
				CLANG_ANALYZER_NUMBER_OBJECT_CONVERSION = YES_AGGRESSIVE;
				CLANG_CXX_LANGUAGE_STANDARD = "gnu++20";
				CLANG_ENABLE_MODULES = YES;
				CLANG_ENABLE_OBJC_ARC = YES;
				CLANG_ENABLE_OBJC_WEAK = YES;
				CLANG_WARN_BLOCK_CAPTURE_AUTORELEASING = YES;
				CLANG_WARN_BOOL_CONVERSION = YES;
				CLANG_WARN_COMMA = YES;
				CLANG_WARN_CONSTANT_CONVERSION = YES;
				CLANG_WARN_DEPRECATED_OBJC_IMPLEMENTATIONS = YES;
				CLANG_WARN_DIRECT_OBJC_ISA_USAGE = YES_ERROR;
				CLANG_WARN_DOCUMENTATION_COMMENTS = YES;
				CLANG_WARN_EMPTY_BODY = YES;
				CLANG_WARN_ENUM_CONVERSION = YES;
				CLANG_WARN_INFINITE_RECURSION = YES;
				CLANG_WARN_INT_CONVERSION = YES;
				CLANG_WARN_NON_LITERAL_NULL_CONVERSION = YES;
				CLANG_WARN_OBJC_IMPLICIT_RETAIN_SELF = YES;
				CLANG_WARN_OBJC_LITERAL_CONVERSION = YES;
				CLANG_WARN_OBJC_ROOT_CLASS = YES_ERROR;
				CLANG_WARN_QUOTED_INCLUDE_IN_FRAMEWORK_HEADER = YES;
				CLANG_WARN_RANGE_LOOP_ANALYSIS = YES;
				CLANG_WARN_STRICT_PROTOTYPES = YES;
				CLANG_WARN_SUSPICIOUS_MOVE = YES;
				CLANG_WARN_UNGUARDED_AVAILABILITY = YES_AGGRESSIVE;
				CLANG_WARN_UNREACHABLE_CODE = YES;
				CLANG_WARN__DUPLICATE_METHOD_MATCH = YES;
				COPY_PHASE_STRIP = NO;
				DEBUG_INFORMATION_FORMAT = dwarf;
				ENABLE_STRICT_OBJC_MSGSEND = YES;
				ENABLE_TESTABILITY = YES;
				GCC_C_LANGUAGE_STANDARD = gnu11;
				GCC_DYNAMIC_NO_PIC = NO;
				GCC_NO_COMMON_BLOCKS = YES;
				GCC_OPTIMIZATION_LEVEL = 0;
				GCC_PREPROCESSOR_DEFINITIONS = (
					"DEBUG=1",
					"$(inherited)",
				);
				GCC_WARN_64_TO_32_BIT_CONVERSION = YES;
				GCC_WARN_ABOUT_RETURN_TYPE = YES_ERROR;
				GCC_WARN_UNDECLARED_SELECTOR = YES;
				GCC_WARN_UNINITIALIZED_AUTOS = YES_AGGRESSIVE;
				GCC_WARN_UNUSED_FUNCTION = YES;
				GCC_WARN_UNUSED_VARIABLE = YES;
				IPHONEOS_DEPLOYMENT_TARGET = 16.0;
				MTL_ENABLE_DEBUG_INFO = INCLUDE_SOURCE;
				MTL_FAST_MATH = YES;
				ONLY_ACTIVE_ARCH = YES;
				SDKROOT = iphoneos;
				SWIFT_ACTIVE_COMPILATION_CONDITIONS = DEBUG;
				SWIFT_OPTIMIZATION_LEVEL = "-Onone";
			};
			name = Debug;
		};
		29E5A54929F81B24008D8834 /* Release */ = {
			isa = XCBuildConfiguration;
			buildSettings = {
				ALWAYS_SEARCH_USER_PATHS = NO;
				CLANG_ANALYZER_NONNULL = YES;
				CLANG_ANALYZER_NUMBER_OBJECT_CONVERSION = YES_AGGRESSIVE;
				CLANG_CXX_LANGUAGE_STANDARD = "gnu++20";
				CLANG_ENABLE_MODULES = YES;
				CLANG_ENABLE_OBJC_ARC = YES;
				CLANG_ENABLE_OBJC_WEAK = YES;
				CLANG_WARN_BLOCK_CAPTURE_AUTORELEASING = YES;
				CLANG_WARN_BOOL_CONVERSION = YES;
				CLANG_WARN_COMMA = YES;
				CLANG_WARN_CONSTANT_CONVERSION = YES;
				CLANG_WARN_DEPRECATED_OBJC_IMPLEMENTATIONS = YES;
				CLANG_WARN_DIRECT_OBJC_ISA_USAGE = YES_ERROR;
				CLANG_WARN_DOCUMENTATION_COMMENTS = YES;
				CLANG_WARN_EMPTY_BODY = YES;
				CLANG_WARN_ENUM_CONVERSION = YES;
				CLANG_WARN_INFINITE_RECURSION = YES;
				CLANG_WARN_INT_CONVERSION = YES;
				CLANG_WARN_NON_LITERAL_NULL_CONVERSION = YES;
				CLANG_WARN_OBJC_IMPLICIT_RETAIN_SELF = YES;
				CLANG_WARN_OBJC_LITERAL_CONVERSION = YES;
				CLANG_WARN_OBJC_ROOT_CLASS = YES_ERROR;
				CLANG_WARN_QUOTED_INCLUDE_IN_FRAMEWORK_HEADER = YES;
				CLANG_WARN_RANGE_LOOP_ANALYSIS = YES;
				CLANG_WARN_STRICT_PROTOTYPES = YES;
				CLANG_WARN_SUSPICIOUS_MOVE = YES;
				CLANG_WARN_UNGUARDED_AVAILABILITY = YES_AGGRESSIVE;
				CLANG_WARN_UNREACHABLE_CODE = YES;
				CLANG_WARN__DUPLICATE_METHOD_MATCH = YES;
				COPY_PHASE_STRIP = NO;
				DEBUG_INFORMATION_FORMAT = "dwarf-with-dsym";
				ENABLE_NS_ASSERTIONS = NO;
				ENABLE_STRICT_OBJC_MSGSEND = YES;
				GCC_C_LANGUAGE_STANDARD = gnu11;
				GCC_NO_COMMON_BLOCKS = YES;
				GCC_WARN_64_TO_32_BIT_CONVERSION = YES;
				GCC_WARN_ABOUT_RETURN_TYPE = YES_ERROR;
				GCC_WARN_UNDECLARED_SELECTOR = YES;
				GCC_WARN_UNINITIALIZED_AUTOS = YES_AGGRESSIVE;
				GCC_WARN_UNUSED_FUNCTION = YES;
				GCC_WARN_UNUSED_VARIABLE = YES;
				IPHONEOS_DEPLOYMENT_TARGET = 16.0;
				MTL_ENABLE_DEBUG_INFO = NO;
				MTL_FAST_MATH = YES;
				SDKROOT = iphoneos;
				SWIFT_COMPILATION_MODE = wholemodule;
				SWIFT_OPTIMIZATION_LEVEL = "-O";
				VALIDATE_PRODUCT = YES;
			};
			name = Release;
		};
		29E5A54B29F81B24008D8834 /* Debug */ = {
			isa = XCBuildConfiguration;
			buildSettings = {
				ALWAYS_EMBED_SWIFT_STANDARD_LIBRARIES = YES;
				ASSETCATALOG_COMPILER_APPICON_NAME = AppIcon;
				ASSETCATALOG_COMPILER_GLOBAL_ACCENT_COLOR_NAME = AccentColor;
				CODE_SIGN_ENTITLEMENTS = MapShare/MapShare.entitlements;
				CODE_SIGN_IDENTITY = "Apple Development";
				CODE_SIGN_STYLE = Automatic;
				CURRENT_PROJECT_VERSION = 1;
				DEVELOPMENT_TEAM = W6HRJ6R6XG;
				GENERATE_INFOPLIST_FILE = YES;
				INFOPLIST_FILE = "MapShare/Supporting Files/Info.plist";
				INFOPLIST_KEY_CFBundleDisplayName = MapShare;
				INFOPLIST_KEY_NSLocationAlwaysAndWhenInUseUsageDescription = "We need access to your location when using this app.";
				INFOPLIST_KEY_NSLocationWhenInUseUsageDescription = "We need access to your location when using this app.";
				INFOPLIST_KEY_UIApplicationSupportsIndirectInputEvents = YES;
				INFOPLIST_KEY_UILaunchStoryboardName = LaunchScreen;
				INFOPLIST_KEY_UIMainStoryboardFile = MapHome;
				INFOPLIST_KEY_UISupportedInterfaceOrientations = UIInterfaceOrientationPortrait;
				INFOPLIST_KEY_UISupportedInterfaceOrientations_iPad = "UIInterfaceOrientationLandscapeLeft UIInterfaceOrientationLandscapeRight UIInterfaceOrientationPortrait UIInterfaceOrientationPortraitUpsideDown";
				IPHONEOS_DEPLOYMENT_TARGET = 16.0;
				LD_RUNPATH_SEARCH_PATHS = (
					"$(inherited)",
					"@executable_path/Frameworks",
				);
				MARKETING_VERSION = 1.0;
				PRODUCT_BUNDLE_IDENTIFIER = com.Studio314.MapShare;
				PRODUCT_NAME = "$(TARGET_NAME)";
				PROVISIONING_PROFILE_SPECIFIER = "";
				SUPPORTED_PLATFORMS = "iphoneos iphonesimulator";
				SUPPORTS_MACCATALYST = NO;
				SUPPORTS_MAC_DESIGNED_FOR_IPHONE_IPAD = NO;
				SWIFT_EMIT_LOC_STRINGS = YES;
				SWIFT_VERSION = 5.0;
				TARGETED_DEVICE_FAMILY = 1;
			};
			name = Debug;
		};
		29E5A54C29F81B24008D8834 /* Release */ = {
			isa = XCBuildConfiguration;
			buildSettings = {
				ALWAYS_EMBED_SWIFT_STANDARD_LIBRARIES = YES;
				ASSETCATALOG_COMPILER_APPICON_NAME = AppIcon;
				ASSETCATALOG_COMPILER_GLOBAL_ACCENT_COLOR_NAME = AccentColor;
				CODE_SIGN_ENTITLEMENTS = MapShare/MapShare.entitlements;
				CODE_SIGN_IDENTITY = "Apple Development";
				CODE_SIGN_STYLE = Automatic;
				CURRENT_PROJECT_VERSION = 1;
				DEVELOPMENT_TEAM = W6HRJ6R6XG;
				GENERATE_INFOPLIST_FILE = YES;
				INFOPLIST_FILE = "MapShare/Supporting Files/Info.plist";
				INFOPLIST_KEY_CFBundleDisplayName = MapShare;
				INFOPLIST_KEY_NSLocationAlwaysAndWhenInUseUsageDescription = "We need access to your location when using this app.";
				INFOPLIST_KEY_NSLocationWhenInUseUsageDescription = "We need access to your location when using this app.";
				INFOPLIST_KEY_UIApplicationSupportsIndirectInputEvents = YES;
				INFOPLIST_KEY_UILaunchStoryboardName = LaunchScreen;
				INFOPLIST_KEY_UIMainStoryboardFile = MapHome;
				INFOPLIST_KEY_UISupportedInterfaceOrientations = UIInterfaceOrientationPortrait;
				INFOPLIST_KEY_UISupportedInterfaceOrientations_iPad = "UIInterfaceOrientationLandscapeLeft UIInterfaceOrientationLandscapeRight UIInterfaceOrientationPortrait UIInterfaceOrientationPortraitUpsideDown";
				IPHONEOS_DEPLOYMENT_TARGET = 16.0;
				LD_RUNPATH_SEARCH_PATHS = (
					"$(inherited)",
					"@executable_path/Frameworks",
				);
				MARKETING_VERSION = 1.0;
				PRODUCT_BUNDLE_IDENTIFIER = com.Studio314.MapShare;
				PRODUCT_NAME = "$(TARGET_NAME)";
				PROVISIONING_PROFILE_SPECIFIER = "";
				SUPPORTED_PLATFORMS = "iphoneos iphonesimulator";
				SUPPORTS_MACCATALYST = NO;
				SUPPORTS_MAC_DESIGNED_FOR_IPHONE_IPAD = NO;
				SWIFT_EMIT_LOC_STRINGS = YES;
				SWIFT_VERSION = 5.0;
				TARGETED_DEVICE_FAMILY = 1;
			};
			name = Release;
		};
/* End XCBuildConfiguration section */

/* Begin XCConfigurationList section */
		29AE211A2A26931900D9AB2C /* Build configuration list for PBXNativeTarget "LocationPush" */ = {
			isa = XCConfigurationList;
			buildConfigurations = (
				29AE211B2A26931900D9AB2C /* Debug */,
				29AE211C2A26931900D9AB2C /* Release */,
			);
			defaultConfigurationIsVisible = 0;
			defaultConfigurationName = Release;
		};
		29E5A53129F81B23008D8834 /* Build configuration list for PBXProject "MapShare" */ = {
			isa = XCConfigurationList;
			buildConfigurations = (
				29E5A54829F81B24008D8834 /* Debug */,
				29E5A54929F81B24008D8834 /* Release */,
			);
			defaultConfigurationIsVisible = 0;
			defaultConfigurationName = Release;
		};
		29E5A54A29F81B24008D8834 /* Build configuration list for PBXNativeTarget "MapShare" */ = {
			isa = XCConfigurationList;
			buildConfigurations = (
				29E5A54B29F81B24008D8834 /* Debug */,
				29E5A54C29F81B24008D8834 /* Release */,
			);
			defaultConfigurationIsVisible = 0;
			defaultConfigurationName = Release;
		};
/* End XCConfigurationList section */

/* Begin XCRemoteSwiftPackageReference section */
		29345F952A9524B200B9F386 /* XCRemoteSwiftPackageReference "ably-cocoa" */ = {
			isa = XCRemoteSwiftPackageReference;
			repositoryURL = "https://github.com/ably/ably-cocoa";
			requirement = {
				kind = upToNextMajorVersion;
				minimumVersion = 1.0.0;
			};
		};
		29F859A92A01884200A53792 /* XCRemoteSwiftPackageReference "firebase-ios-sdk" */ = {
			isa = XCRemoteSwiftPackageReference;
			repositoryURL = "https://github.com/firebase/firebase-ios-sdk";
			requirement = {
				kind = upToNextMajorVersion;
				minimumVersion = 10.0.0;
			};
		};
/* End XCRemoteSwiftPackageReference section */

/* Begin XCSwiftPackageProductDependency section */
		29345F962A9524B200B9F386 /* Ably */ = {
			isa = XCSwiftPackageProductDependency;
			package = 29345F952A9524B200B9F386 /* XCRemoteSwiftPackageReference "ably-cocoa" */;
			productName = Ably;
		};
		29AE20FC2A266C2900D9AB2C /* FirebaseMessaging */ = {
			isa = XCSwiftPackageProductDependency;
			package = 29F859A92A01884200A53792 /* XCRemoteSwiftPackageReference "firebase-ios-sdk" */;
			productName = FirebaseMessaging;
		};
		29F859AA2A01884200A53792 /* FirebaseFirestore */ = {
			isa = XCSwiftPackageProductDependency;
			package = 29F859A92A01884200A53792 /* XCRemoteSwiftPackageReference "firebase-ios-sdk" */;
			productName = FirebaseFirestore;
		};
/* End XCSwiftPackageProductDependency section */
	};
	rootObject = 29E5A52E29F81B23008D8834 /* Project object */;
}
